
Microsoft Visual Studio Solution File, Format Version 12.00
# Visual Studio Version 16
VisualStudioVersion = 16.0.29215.179
MinimumVisualStudioVersion = 10.0.40219.1
Project("{FAE04EC0-301F-11D3-BF4B-00C04F79EFBC}") = "ConsoleApp1", "ConsoleApp1.csproj", "{190C3271-4D59-4E69-8963-F6EAE3A3A2A7}"
EndProject
Project("{8BC9CEB8-8B4A-11D0-8D11-00A0C91BC942}") = "CppConsole", "..\CppConsole\CppConsole.vcxproj", "{83E03AA8-DA49-4418-B71B-F52DD03BF40B}"
EndProject
Project("{8BC9CEB8-8B4A-11D0-8D11-00A0C91BC942}") = "CLRDutIQmeasure", "..\CLRDutIQmeasure\CLRDutIQmeasure.vcxproj", "{5A85E245-4DB9-4578-8D8A-EFAE08E12C7A}"
EndProject
Global
	GlobalSection(SolutionConfigurationPlatforms) = preSolution
		Debug|Any CPU = Debug|Any CPU
		Debug|x64 = Debug|x64
		Debug|x86 = Debug|x86
		Release|Any CPU = Release|Any CPU
		Release|x64 = Release|x64
		Release|x86 = Release|x86
	EndGlobalSection
	GlobalSection(ProjectConfigurationPlatforms) = postSolution
		{190C3271-4D59-4E69-8963-F6EAE3A3A2A7}.Debug|Any CPU.ActiveCfg = Debug|Any CPU
		{190C3271-4D59-4E69-8963-F6EAE3A3A2A7}.Debug|Any CPU.Build.0 = Debug|Any CPU
		{190C3271-4D59-4E69-8963-F6EAE3A3A2A7}.Debug|x64.ActiveCfg = Debug|Any CPU
		{190C3271-4D59-4E69-8963-F6EAE3A3A2A7}.Debug|x64.Build.0 = Debug|Any CPU
		{190C3271-4D59-4E69-8963-F6EAE3A3A2A7}.Debug|x86.ActiveCfg = Debug|Any CPU
		{190C3271-4D59-4E69-8963-F6EAE3A3A2A7}.Debug|x86.Build.0 = Debug|Any CPU
		{190C3271-4D59-4E69-8963-F6EAE3A3A2A7}.Release|Any CPU.ActiveCfg = Release|Any CPU
		{190C3271-4D59-4E69-8963-F6EAE3A3A2A7}.Release|Any CPU.Build.0 = Release|Any CPU
		{190C3271-4D59-4E69-8963-F6EAE3A3A2A7}.Release|x64.ActiveCfg = Release|Any CPU
		{190C3271-4D59-4E69-8963-F6EAE3A3A2A7}.Release|x64.Build.0 = Release|Any CPU
		{190C3271-4D59-4E69-8963-F6EAE3A3A2A7}.Release|x86.ActiveCfg = Release|Any CPU
		{190C3271-4D59-4E69-8963-F6EAE3A3A2A7}.Release|x86.Build.0 = Release|Any CPU
		{83E03AA8-DA49-4418-B71B-F52DD03BF40B}.Debug|Any CPU.ActiveCfg = Debug|Win32
		{83E03AA8-DA49-4418-B71B-F52DD03BF40B}.Debug|x64.ActiveCfg = Debug|x64
		{83E03AA8-DA49-4418-B71B-F52DD03BF40B}.Debug|x64.Build.0 = Debug|x64
		{83E03AA8-DA49-4418-B71B-F52DD03BF40B}.Debug|x86.ActiveCfg = Debug|Win32
		{83E03AA8-DA49-4418-B71B-F52DD03BF40B}.Debug|x86.Build.0 = Debug|Win32
		{83E03AA8-DA49-4418-B71B-F52DD03BF40B}.Release|Any CPU.ActiveCfg = Release|Win32
		{83E03AA8-DA49-4418-B71B-F52DD03BF40B}.Release|x64.ActiveCfg = Release|x64
		{83E03AA8-DA49-4418-B71B-F52DD03BF40B}.Release|x64.Build.0 = Release|x64
		{83E03AA8-DA49-4418-B71B-F52DD03BF40B}.Release|x86.ActiveCfg = Release|Win32
		{83E03AA8-DA49-4418-B71B-F52DD03BF40B}.Release|x86.Build.0 = Release|Win32
		{5A85E245-4DB9-4578-8D8A-EFAE08E12C7A}.Debug|Any CPU.ActiveCfg = Debug|Win32
		{5A85E245-4DB9-4578-8D8A-EFAE08E12C7A}.Debug|x64.ActiveCfg = Debug|x64
		{5A85E245-4DB9-4578-8D8A-EFAE08E12C7A}.Debug|x64.Build.0 = Debug|x64
		{5A85E245-4DB9-4578-8D8A-EFAE08E12C7A}.Debug|x86.ActiveCfg = Debug|Win32
		{5A85E245-4DB9-4578-8D8A-EFAE08E12C7A}.Debug|x86.Build.0 = Debug|Win32
		{5A85E245-4DB9-4578-8D8A-EFAE08E12C7A}.Release|Any CPU.ActiveCfg = Release|Win32
		{5A85E245-4DB9-4578-8D8A-EFAE08E12C7A}.Release|x64.ActiveCfg = Release|x64
		{5A85E245-4DB9-4578-8D8A-EFAE08E12C7A}.Release|x64.Build.0 = Release|x64
		{5A85E245-4DB9-4578-8D8A-EFAE08E12C7A}.Release|x86.ActiveCfg = Release|Win32
		{5A85E245-4DB9-4578-8D8A-EFAE08E12C7A}.Release|x86.Build.0 = Release|Win32
	EndGlobalSection
	GlobalSection(SolutionProperties) = preSolution
		HideSolutionNode = FALSE
	EndGlobalSection
	GlobalSection(ExtensibilityGlobals) = postSolution
		SolutionGuid = {EADA6F44-775B-4413-8BEC-2DB50095D9A9}
	EndGlobalSection
EndGlobal
